
Microsoft Visual Studio Solution File, Format Version 12.00
# Visual Studio Version 16
VisualStudioVersion = 16.0.28803.156
MinimumVisualStudioVersion = 15.0.26124.0
Project("{9A19103F-16F7-4668-BE54-9A1E7A4F7556}") = "ToolsPack.Log4net", "ToolsPack.Log4net\ToolsPack.Log4net.csproj", "{E29C5405-4C07-49D2-9534-D18F122B0FCF}"
EndProject
Project("{9A19103F-16F7-4668-BE54-9A1E7A4F7556}") = "ToolsPack.Config", "ToolsPack.Config\ToolsPack.Config.csproj", "{8ED008E1-D357-4D4C-9EBA-94B5F4F70A1A}"
EndProject
Project("{9A19103F-16F7-4668-BE54-9A1E7A4F7556}") = "ToolsPack.Thread", "ToolsPack.Thread\ToolsPack.Thread.csproj", "{D66A9FF2-9C74-4782-8B1E-1B63A4488CB8}"
EndProject
Project("{9A19103F-16F7-4668-BE54-9A1E7A4F7556}") = "ToolsPack.Sql", "ToolsPack.Sql\ToolsPack.Sql.csproj", "{5FE5DB5C-F716-4B9E-8850-C2F6CE22B795}"
EndProject
Project("{2150E333-8FDC-42A3-9474-1A3956D46DE8}") = "Tests", "Tests", "{7E836789-B02E-4C44-A5F0-CD6E4DBC3B89}"
EndProject
Project("{9A19103F-16F7-4668-BE54-9A1E7A4F7556}") = "ToolsPack.Log4net.Tests", "Tests\ToolsPack.Log4net.Tests\ToolsPack.Log4net.Tests.csproj", "{A6D05D85-8FB2-4A60-B34B-3ECAA07C4F23}"
EndProject
Project("{9A19103F-16F7-4668-BE54-9A1E7A4F7556}") = "ToolsPack.String", "ToolsPack.String\ToolsPack.String.csproj", "{F3756DA2-5960-4A11-BE5F-24551296A9FB}"
EndProject
Project("{9A19103F-16F7-4668-BE54-9A1E7A4F7556}") = "ToolsPack.String.Tests", "Tests\ToolsPack.String.Tests\ToolsPack.String.Tests.csproj", "{1899E021-BFFE-48A3-AA89-FB114ADF877B}"
EndProject
Project("{9A19103F-16F7-4668-BE54-9A1E7A4F7556}") = "ToolsPack.Samba", "ToolsPack.Samba\ToolsPack.Samba.csproj", "{E432E53B-96C5-4EBC-B5BF-F07582EAC463}"
EndProject
Project("{9A19103F-16F7-4668-BE54-9A1E7A4F7556}") = "ToolsPack.Samba.Tests", "Tests\ToolsPack.Samba.Tests\ToolsPack.Samba.Tests.csproj", "{80925325-1271-42F7-9364-ACF9FAA6F98E}"
EndProject
Project("{9A19103F-16F7-4668-BE54-9A1E7A4F7556}") = "ToolsPack.NLog", "ToolsPack.NLog\ToolsPack.NLog.csproj", "{F0D1D4E9-4796-4F10-9AC8-9569E6F7E116}"
EndProject
Project("{9A19103F-16F7-4668-BE54-9A1E7A4F7556}") = "ToolsPack.Webservice", "ToolsPack.Webservice\ToolsPack.Webservice.csproj", "{99733A02-EFC6-48BE-81F0-CF3CC907CB28}"
EndProject
Project("{FAE04EC0-301F-11D3-BF4B-00C04F79EFBC}") = "ToolsPack.NLog.Tests", "ToolsPack.NLog.Tests\ToolsPack.NLog.Tests.csproj", "{01CF86B3-0FE8-430F-9E4D-135B5E56FDB3}"
EndProject
Global
	GlobalSection(SolutionConfigurationPlatforms) = preSolution
		Debug|Any CPU = Debug|Any CPU
		Debug|x64 = Debug|x64
		Debug|x86 = Debug|x86
		Release|Any CPU = Release|Any CPU
		Release|x64 = Release|x64
		Release|x86 = Release|x86
	EndGlobalSection
	GlobalSection(ProjectConfigurationPlatforms) = postSolution
		{E29C5405-4C07-49D2-9534-D18F122B0FCF}.Debug|Any CPU.ActiveCfg = Debug|Any CPU
		{E29C5405-4C07-49D2-9534-D18F122B0FCF}.Debug|Any CPU.Build.0 = Debug|Any CPU
		{E29C5405-4C07-49D2-9534-D18F122B0FCF}.Debug|x64.ActiveCfg = Debug|Any CPU
		{E29C5405-4C07-49D2-9534-D18F122B0FCF}.Debug|x64.Build.0 = Debug|Any CPU
		{E29C5405-4C07-49D2-9534-D18F122B0FCF}.Debug|x86.ActiveCfg = Debug|Any CPU
		{E29C5405-4C07-49D2-9534-D18F122B0FCF}.Debug|x86.Build.0 = Debug|Any CPU
		{E29C5405-4C07-49D2-9534-D18F122B0FCF}.Release|Any CPU.ActiveCfg = Release|Any CPU
		{E29C5405-4C07-49D2-9534-D18F122B0FCF}.Release|Any CPU.Build.0 = Release|Any CPU
		{E29C5405-4C07-49D2-9534-D18F122B0FCF}.Release|x64.ActiveCfg = Release|Any CPU
		{E29C5405-4C07-49D2-9534-D18F122B0FCF}.Release|x64.Build.0 = Release|Any CPU
		{E29C5405-4C07-49D2-9534-D18F122B0FCF}.Release|x86.ActiveCfg = Release|Any CPU
		{E29C5405-4C07-49D2-9534-D18F122B0FCF}.Release|x86.Build.0 = Release|Any CPU
		{8ED008E1-D357-4D4C-9EBA-94B5F4F70A1A}.Debug|Any CPU.ActiveCfg = Debug|Any CPU
		{8ED008E1-D357-4D4C-9EBA-94B5F4F70A1A}.Debug|Any CPU.Build.0 = Debug|Any CPU
		{8ED008E1-D357-4D4C-9EBA-94B5F4F70A1A}.Debug|x64.ActiveCfg = Debug|Any CPU
		{8ED008E1-D357-4D4C-9EBA-94B5F4F70A1A}.Debug|x64.Build.0 = Debug|Any CPU
		{8ED008E1-D357-4D4C-9EBA-94B5F4F70A1A}.Debug|x86.ActiveCfg = Debug|Any CPU
		{8ED008E1-D357-4D4C-9EBA-94B5F4F70A1A}.Debug|x86.Build.0 = Debug|Any CPU
		{8ED008E1-D357-4D4C-9EBA-94B5F4F70A1A}.Release|Any CPU.ActiveCfg = Release|Any CPU
		{8ED008E1-D357-4D4C-9EBA-94B5F4F70A1A}.Release|Any CPU.Build.0 = Release|Any CPU
		{8ED008E1-D357-4D4C-9EBA-94B5F4F70A1A}.Release|x64.ActiveCfg = Release|Any CPU
		{8ED008E1-D357-4D4C-9EBA-94B5F4F70A1A}.Release|x64.Build.0 = Release|Any CPU
		{8ED008E1-D357-4D4C-9EBA-94B5F4F70A1A}.Release|x86.ActiveCfg = Release|Any CPU
		{8ED008E1-D357-4D4C-9EBA-94B5F4F70A1A}.Release|x86.Build.0 = Release|Any CPU
		{D66A9FF2-9C74-4782-8B1E-1B63A4488CB8}.Debug|Any CPU.ActiveCfg = Debug|Any CPU
		{D66A9FF2-9C74-4782-8B1E-1B63A4488CB8}.Debug|Any CPU.Build.0 = Debug|Any CPU
		{D66A9FF2-9C74-4782-8B1E-1B63A4488CB8}.Debug|x64.ActiveCfg = Debug|Any CPU
		{D66A9FF2-9C74-4782-8B1E-1B63A4488CB8}.Debug|x64.Build.0 = Debug|Any CPU
		{D66A9FF2-9C74-4782-8B1E-1B63A4488CB8}.Debug|x86.ActiveCfg = Debug|Any CPU
		{D66A9FF2-9C74-4782-8B1E-1B63A4488CB8}.Debug|x86.Build.0 = Debug|Any CPU
		{D66A9FF2-9C74-4782-8B1E-1B63A4488CB8}.Release|Any CPU.ActiveCfg = Release|Any CPU
		{D66A9FF2-9C74-4782-8B1E-1B63A4488CB8}.Release|Any CPU.Build.0 = Release|Any CPU
		{D66A9FF2-9C74-4782-8B1E-1B63A4488CB8}.Release|x64.ActiveCfg = Release|Any CPU
		{D66A9FF2-9C74-4782-8B1E-1B63A4488CB8}.Release|x64.Build.0 = Release|Any CPU
		{D66A9FF2-9C74-4782-8B1E-1B63A4488CB8}.Release|x86.ActiveCfg = Release|Any CPU
		{D66A9FF2-9C74-4782-8B1E-1B63A4488CB8}.Release|x86.Build.0 = Release|Any CPU
		{5FE5DB5C-F716-4B9E-8850-C2F6CE22B795}.Debug|Any CPU.ActiveCfg = Debug|Any CPU
		{5FE5DB5C-F716-4B9E-8850-C2F6CE22B795}.Debug|Any CPU.Build.0 = Debug|Any CPU
		{5FE5DB5C-F716-4B9E-8850-C2F6CE22B795}.Debug|x64.ActiveCfg = Debug|Any CPU
		{5FE5DB5C-F716-4B9E-8850-C2F6CE22B795}.Debug|x64.Build.0 = Debug|Any CPU
		{5FE5DB5C-F716-4B9E-8850-C2F6CE22B795}.Debug|x86.ActiveCfg = Debug|Any CPU
		{5FE5DB5C-F716-4B9E-8850-C2F6CE22B795}.Debug|x86.Build.0 = Debug|Any CPU
		{5FE5DB5C-F716-4B9E-8850-C2F6CE22B795}.Release|Any CPU.ActiveCfg = Release|Any CPU
		{5FE5DB5C-F716-4B9E-8850-C2F6CE22B795}.Release|Any CPU.Build.0 = Release|Any CPU
		{5FE5DB5C-F716-4B9E-8850-C2F6CE22B795}.Release|x64.ActiveCfg = Release|Any CPU
		{5FE5DB5C-F716-4B9E-8850-C2F6CE22B795}.Release|x64.Build.0 = Release|Any CPU
		{5FE5DB5C-F716-4B9E-8850-C2F6CE22B795}.Release|x86.ActiveCfg = Release|Any CPU
		{5FE5DB5C-F716-4B9E-8850-C2F6CE22B795}.Release|x86.Build.0 = Release|Any CPU
		{A6D05D85-8FB2-4A60-B34B-3ECAA07C4F23}.Debug|Any CPU.ActiveCfg = Debug|Any CPU
		{A6D05D85-8FB2-4A60-B34B-3ECAA07C4F23}.Debug|Any CPU.Build.0 = Debug|Any CPU
		{A6D05D85-8FB2-4A60-B34B-3ECAA07C4F23}.Debug|x64.ActiveCfg = Debug|Any CPU
		{A6D05D85-8FB2-4A60-B34B-3ECAA07C4F23}.Debug|x64.Build.0 = Debug|Any CPU
		{A6D05D85-8FB2-4A60-B34B-3ECAA07C4F23}.Debug|x86.ActiveCfg = Debug|Any CPU
		{A6D05D85-8FB2-4A60-B34B-3ECAA07C4F23}.Debug|x86.Build.0 = Debug|Any CPU
		{A6D05D85-8FB2-4A60-B34B-3ECAA07C4F23}.Release|Any CPU.ActiveCfg = Release|Any CPU
		{A6D05D85-8FB2-4A60-B34B-3ECAA07C4F23}.Release|Any CPU.Build.0 = Release|Any CPU
		{A6D05D85-8FB2-4A60-B34B-3ECAA07C4F23}.Release|x64.ActiveCfg = Release|Any CPU
		{A6D05D85-8FB2-4A60-B34B-3ECAA07C4F23}.Release|x64.Build.0 = Release|Any CPU
		{A6D05D85-8FB2-4A60-B34B-3ECAA07C4F23}.Release|x86.ActiveCfg = Release|Any CPU
		{A6D05D85-8FB2-4A60-B34B-3ECAA07C4F23}.Release|x86.Build.0 = Release|Any CPU
		{F3756DA2-5960-4A11-BE5F-24551296A9FB}.Debug|Any CPU.ActiveCfg = Debug|Any CPU
		{F3756DA2-5960-4A11-BE5F-24551296A9FB}.Debug|Any CPU.Build.0 = Debug|Any CPU
		{F3756DA2-5960-4A11-BE5F-24551296A9FB}.Debug|x64.ActiveCfg = Debug|Any CPU
		{F3756DA2-5960-4A11-BE5F-24551296A9FB}.Debug|x64.Build.0 = Debug|Any CPU
		{F3756DA2-5960-4A11-BE5F-24551296A9FB}.Debug|x86.ActiveCfg = Debug|Any CPU
		{F3756DA2-5960-4A11-BE5F-24551296A9FB}.Debug|x86.Build.0 = Debug|Any CPU
		{F3756DA2-5960-4A11-BE5F-24551296A9FB}.Release|Any CPU.ActiveCfg = Release|Any CPU
		{F3756DA2-5960-4A11-BE5F-24551296A9FB}.Release|Any CPU.Build.0 = Release|Any CPU
		{F3756DA2-5960-4A11-BE5F-24551296A9FB}.Release|x64.ActiveCfg = Release|Any CPU
		{F3756DA2-5960-4A11-BE5F-24551296A9FB}.Release|x64.Build.0 = Release|Any CPU
		{F3756DA2-5960-4A11-BE5F-24551296A9FB}.Release|x86.ActiveCfg = Release|Any CPU
		{F3756DA2-5960-4A11-BE5F-24551296A9FB}.Release|x86.Build.0 = Release|Any CPU
		{1899E021-BFFE-48A3-AA89-FB114ADF877B}.Debug|Any CPU.ActiveCfg = Debug|Any CPU
		{1899E021-BFFE-48A3-AA89-FB114ADF877B}.Debug|Any CPU.Build.0 = Debug|Any CPU
		{1899E021-BFFE-48A3-AA89-FB114ADF877B}.Debug|x64.ActiveCfg = Debug|Any CPU
		{1899E021-BFFE-48A3-AA89-FB114ADF877B}.Debug|x64.Build.0 = Debug|Any CPU
		{1899E021-BFFE-48A3-AA89-FB114ADF877B}.Debug|x86.ActiveCfg = Debug|Any CPU
		{1899E021-BFFE-48A3-AA89-FB114ADF877B}.Debug|x86.Build.0 = Debug|Any CPU
		{1899E021-BFFE-48A3-AA89-FB114ADF877B}.Release|Any CPU.ActiveCfg = Release|Any CPU
		{1899E021-BFFE-48A3-AA89-FB114ADF877B}.Release|Any CPU.Build.0 = Release|Any CPU
		{1899E021-BFFE-48A3-AA89-FB114ADF877B}.Release|x64.ActiveCfg = Release|Any CPU
		{1899E021-BFFE-48A3-AA89-FB114ADF877B}.Release|x64.Build.0 = Release|Any CPU
		{1899E021-BFFE-48A3-AA89-FB114ADF877B}.Release|x86.ActiveCfg = Release|Any CPU
		{1899E021-BFFE-48A3-AA89-FB114ADF877B}.Release|x86.Build.0 = Release|Any CPU
		{E432E53B-96C5-4EBC-B5BF-F07582EAC463}.Debug|Any CPU.ActiveCfg = Debug|Any CPU
		{E432E53B-96C5-4EBC-B5BF-F07582EAC463}.Debug|Any CPU.Build.0 = Debug|Any CPU
		{E432E53B-96C5-4EBC-B5BF-F07582EAC463}.Debug|x64.ActiveCfg = Debug|Any CPU
		{E432E53B-96C5-4EBC-B5BF-F07582EAC463}.Debug|x64.Build.0 = Debug|Any CPU
		{E432E53B-96C5-4EBC-B5BF-F07582EAC463}.Debug|x86.ActiveCfg = Debug|Any CPU
		{E432E53B-96C5-4EBC-B5BF-F07582EAC463}.Debug|x86.Build.0 = Debug|Any CPU
		{E432E53B-96C5-4EBC-B5BF-F07582EAC463}.Release|Any CPU.ActiveCfg = Release|Any CPU
		{E432E53B-96C5-4EBC-B5BF-F07582EAC463}.Release|Any CPU.Build.0 = Release|Any CPU
		{E432E53B-96C5-4EBC-B5BF-F07582EAC463}.Release|x64.ActiveCfg = Release|Any CPU
		{E432E53B-96C5-4EBC-B5BF-F07582EAC463}.Release|x64.Build.0 = Release|Any CPU
		{E432E53B-96C5-4EBC-B5BF-F07582EAC463}.Release|x86.ActiveCfg = Release|Any CPU
		{E432E53B-96C5-4EBC-B5BF-F07582EAC463}.Release|x86.Build.0 = Release|Any CPU
		{80925325-1271-42F7-9364-ACF9FAA6F98E}.Debug|Any CPU.ActiveCfg = Debug|Any CPU
		{80925325-1271-42F7-9364-ACF9FAA6F98E}.Debug|Any CPU.Build.0 = Debug|Any CPU
		{80925325-1271-42F7-9364-ACF9FAA6F98E}.Debug|x64.ActiveCfg = Debug|Any CPU
		{80925325-1271-42F7-9364-ACF9FAA6F98E}.Debug|x64.Build.0 = Debug|Any CPU
		{80925325-1271-42F7-9364-ACF9FAA6F98E}.Debug|x86.ActiveCfg = Debug|Any CPU
		{80925325-1271-42F7-9364-ACF9FAA6F98E}.Debug|x86.Build.0 = Debug|Any CPU
		{80925325-1271-42F7-9364-ACF9FAA6F98E}.Release|Any CPU.ActiveCfg = Release|Any CPU
		{80925325-1271-42F7-9364-ACF9FAA6F98E}.Release|Any CPU.Build.0 = Release|Any CPU
		{80925325-1271-42F7-9364-ACF9FAA6F98E}.Release|x64.ActiveCfg = Release|Any CPU
		{80925325-1271-42F7-9364-ACF9FAA6F98E}.Release|x64.Build.0 = Release|Any CPU
		{80925325-1271-42F7-9364-ACF9FAA6F98E}.Release|x86.ActiveCfg = Release|Any CPU
		{80925325-1271-42F7-9364-ACF9FAA6F98E}.Release|x86.Build.0 = Release|Any CPU
		{F0D1D4E9-4796-4F10-9AC8-9569E6F7E116}.Debug|Any CPU.ActiveCfg = Debug|Any CPU
		{F0D1D4E9-4796-4F10-9AC8-9569E6F7E116}.Debug|Any CPU.Build.0 = Debug|Any CPU
		{F0D1D4E9-4796-4F10-9AC8-9569E6F7E116}.Debug|x64.ActiveCfg = Debug|Any CPU
		{F0D1D4E9-4796-4F10-9AC8-9569E6F7E116}.Debug|x64.Build.0 = Debug|Any CPU
		{F0D1D4E9-4796-4F10-9AC8-9569E6F7E116}.Debug|x86.ActiveCfg = Debug|Any CPU
		{F0D1D4E9-4796-4F10-9AC8-9569E6F7E116}.Debug|x86.Build.0 = Debug|Any CPU
		{F0D1D4E9-4796-4F10-9AC8-9569E6F7E116}.Release|Any CPU.ActiveCfg = Release|Any CPU
		{F0D1D4E9-4796-4F10-9AC8-9569E6F7E116}.Release|Any CPU.Build.0 = Release|Any CPU
		{F0D1D4E9-4796-4F10-9AC8-9569E6F7E116}.Release|x64.ActiveCfg = Release|Any CPU
		{F0D1D4E9-4796-4F10-9AC8-9569E6F7E116}.Release|x64.Build.0 = Release|Any CPU
		{F0D1D4E9-4796-4F10-9AC8-9569E6F7E116}.Release|x86.ActiveCfg = Release|Any CPU
		{F0D1D4E9-4796-4F10-9AC8-9569E6F7E116}.Release|x86.Build.0 = Release|Any CPU
		{99733A02-EFC6-48BE-81F0-CF3CC907CB28}.Debug|Any CPU.ActiveCfg = Debug|Any CPU
		{99733A02-EFC6-48BE-81F0-CF3CC907CB28}.Debug|Any CPU.Build.0 = Debug|Any CPU
		{99733A02-EFC6-48BE-81F0-CF3CC907CB28}.Debug|x64.ActiveCfg = Debug|Any CPU
		{99733A02-EFC6-48BE-81F0-CF3CC907CB28}.Debug|x64.Build.0 = Debug|Any CPU
		{99733A02-EFC6-48BE-81F0-CF3CC907CB28}.Debug|x86.ActiveCfg = Debug|Any CPU
		{99733A02-EFC6-48BE-81F0-CF3CC907CB28}.Debug|x86.Build.0 = Debug|Any CPU
		{99733A02-EFC6-48BE-81F0-CF3CC907CB28}.Release|Any CPU.ActiveCfg = Release|Any CPU
		{99733A02-EFC6-48BE-81F0-CF3CC907CB28}.Release|Any CPU.Build.0 = Release|Any CPU
		{99733A02-EFC6-48BE-81F0-CF3CC907CB28}.Release|x64.ActiveCfg = Release|Any CPU
		{99733A02-EFC6-48BE-81F0-CF3CC907CB28}.Release|x64.Build.0 = Release|Any CPU
		{99733A02-EFC6-48BE-81F0-CF3CC907CB28}.Release|x86.ActiveCfg = Release|Any CPU
		{99733A02-EFC6-48BE-81F0-CF3CC907CB28}.Release|x86.Build.0 = Release|Any CPU
		{01CF86B3-0FE8-430F-9E4D-135B5E56FDB3}.Debug|Any CPU.ActiveCfg = Debug|Any CPU
		{01CF86B3-0FE8-430F-9E4D-135B5E56FDB3}.Debug|Any CPU.Build.0 = Debug|Any CPU
		{01CF86B3-0FE8-430F-9E4D-135B5E56FDB3}.Debug|x64.ActiveCfg = Debug|Any CPU
		{01CF86B3-0FE8-430F-9E4D-135B5E56FDB3}.Debug|x64.Build.0 = Debug|Any CPU
		{01CF86B3-0FE8-430F-9E4D-135B5E56FDB3}.Debug|x86.ActiveCfg = Debug|Any CPU
		{01CF86B3-0FE8-430F-9E4D-135B5E56FDB3}.Debug|x86.Build.0 = Debug|Any CPU
		{01CF86B3-0FE8-430F-9E4D-135B5E56FDB3}.Release|Any CPU.ActiveCfg = Release|Any CPU
		{01CF86B3-0FE8-430F-9E4D-135B5E56FDB3}.Release|Any CPU.Build.0 = Release|Any CPU
		{01CF86B3-0FE8-430F-9E4D-135B5E56FDB3}.Release|x64.ActiveCfg = Release|Any CPU
		{01CF86B3-0FE8-430F-9E4D-135B5E56FDB3}.Release|x64.Build.0 = Release|Any CPU
		{01CF86B3-0FE8-430F-9E4D-135B5E56FDB3}.Release|x86.ActiveCfg = Release|Any CPU
		{01CF86B3-0FE8-430F-9E4D-135B5E56FDB3}.Release|x86.Build.0 = Release|Any CPU
	EndGlobalSection
	GlobalSection(SolutionProperties) = preSolution
		HideSolutionNode = FALSE
	EndGlobalSection
	GlobalSection(NestedProjects) = preSolution
		{A6D05D85-8FB2-4A60-B34B-3ECAA07C4F23} = {7E836789-B02E-4C44-A5F0-CD6E4DBC3B89}
		{1899E021-BFFE-48A3-AA89-FB114ADF877B} = {7E836789-B02E-4C44-A5F0-CD6E4DBC3B89}
		{80925325-1271-42F7-9364-ACF9FAA6F98E} = {7E836789-B02E-4C44-A5F0-CD6E4DBC3B89}
		{01CF86B3-0FE8-430F-9E4D-135B5E56FDB3} = {7E836789-B02E-4C44-A5F0-CD6E4DBC3B89}
	EndGlobalSection
	GlobalSection(ExtensibilityGlobals) = postSolution
		SolutionGuid = {707666E7-6364-4E9B-A729-DAD90524D31B}
	EndGlobalSection
EndGlobal
