
Microsoft Visual Studio Solution File, Format Version 12.00
# Visual Studio Version 17
VisualStudioVersion = 17.0.31903.59
MinimumVisualStudioVersion = 10.0.40219.1
Project("{2150E333-8FDC-42A3-9474-1A3956D46DE8}") = "src", "src", "{15501CE0-C635-4AA5-8EF7-F3E7DF4C5766}"
EndProject
Project("{9A19103F-16F7-4668-BE54-9A1E7A4F7556}") = "ToolsPack.Config", "src\ToolsPack.Config\ToolsPack.Config.csproj", "{8579EBA3-FA58-4318-8287-F5F119313796}"
EndProject
Project("{9A19103F-16F7-4668-BE54-9A1E7A4F7556}") = "ToolsPack.Logging", "src\ToolsPack.Logging\ToolsPack.Logging.csproj", "{A24B0F10-1495-4174-A065-B6EB7CCAC910}"
EndProject
Project("{9A19103F-16F7-4668-BE54-9A1E7A4F7556}") = "ToolsPack.Msql", "src\ToolsPack.Msql\ToolsPack.Msql.csproj", "{075105FC-7842-4B80-823B-053FB472CD68}"
EndProject
Project("{9A19103F-16F7-4668-BE54-9A1E7A4F7556}") = "ToolsPack.Samba", "src\ToolsPack.Samba\ToolsPack.Samba.csproj", "{C6938A44-0988-446C-A5EE-86EDCCF89035}"
EndProject
Project("{9A19103F-16F7-4668-BE54-9A1E7A4F7556}") = "ToolsPack.String", "src\ToolsPack.String\ToolsPack.String.csproj", "{31E07481-DF62-4C10-BDEC-D193C2D438B0}"
EndProject
Project("{9A19103F-16F7-4668-BE54-9A1E7A4F7556}") = "ToolsPack.Thread", "src\ToolsPack.Thread\ToolsPack.Thread.csproj", "{800304AE-F185-4F78-8A3A-430ABCECE531}"
EndProject
Project("{9A19103F-16F7-4668-BE54-9A1E7A4F7556}") = "ToolsPack.Webservice", "src\ToolsPack.Webservice\ToolsPack.Webservice.csproj", "{603C25A2-92F4-43F5-8234-3EDD0AFD1671}"
EndProject
Project("{2150E333-8FDC-42A3-9474-1A3956D46DE8}") = "tests", "tests", "{1237E958-9B8B-4360-872B-2BA0F8321902}"
EndProject
Project("{9A19103F-16F7-4668-BE54-9A1E7A4F7556}") = "Refall", "tests\Refall\Refall.csproj", "{5BE5A8CF-02A3-4B5B-AB9E-F975AD9193F4}"
EndProject
Project("{9A19103F-16F7-4668-BE54-9A1E7A4F7556}") = "ToolsPack.Config.Tests", "tests\ToolsPack.Config.Tests\ToolsPack.Config.Tests.csproj", "{8E10E6FC-B808-4549-AA9D-90EF494E83F3}"
EndProject
Project("{9A19103F-16F7-4668-BE54-9A1E7A4F7556}") = "ToolsPack.Samba.Tests", "tests\ToolsPack.Samba.Tests\ToolsPack.Samba.Tests.csproj", "{E5AEE2B5-C9BE-4FEF-9DB8-B15CB34F90C5}"
EndProject
Project("{9A19103F-16F7-4668-BE54-9A1E7A4F7556}") = "ToolsPack.String.Tests", "tests\ToolsPack.String.Tests\ToolsPack.String.Tests.csproj", "{1607371B-953D-4724-B186-5DA609C42CF3}"
EndProject
Project("{9A19103F-16F7-4668-BE54-9A1E7A4F7556}") = "ToolsPack.Webservice.Tests", "tests\ToolsPack.Webservice.Tests\ToolsPack.Webservice.Tests.csproj", "{E4576C0A-C274-4267-8737-F2F175D901D0}"
EndProject
Project("{9A19103F-16F7-4668-BE54-9A1E7A4F7556}") = "ToolsPack.Logging.Tests", "tests\ToolsPack.Logging.Tests\ToolsPack.Logging.Tests.csproj", "{649F1506-6E02-4446-AAAE-726658DA6901}"
EndProject
Project("{9A19103F-16F7-4668-BE54-9A1E7A4F7556}") = "LogFixtureMartinCostello", "tests\LogFixtureMartinCostello\LogFixtureMartinCostello.csproj", "{7626E0A9-C0F1-4A7A-B54A-B71727AD2370}"
EndProject
Project("{FAE04EC0-301F-11D3-BF4B-00C04F79EFBC}") = "ToolsPack.Logging.Otlp", "src\ToolsPack.Logging.Otlp\ToolsPack.Logging.Otlp.csproj", "{8FA779FC-DEE5-4564-9F3B-8297A9F97261}"
EndProject
Project("{FAE04EC0-301F-11D3-BF4B-00C04F79EFBC}") = "ToolsPack.Logging.Otlp.Tests", "tests\ToolsPack.Logging.Otlp.Tests\ToolsPack.Logging.Otlp.Tests.csproj", "{385E8EA9-6404-4694-9957-A22884F529C5}"
EndProject
Project("{FAE04EC0-301F-11D3-BF4B-00C04F79EFBC}") = "ToolsPack.Blazor", "src\ToolsPack.Blazor\ToolsPack.Blazor.csproj", "{2CA941C1-6544-43C9-943C-4021E78F5925}"
EndProject
Project("{2150E333-8FDC-42A3-9474-1A3956D46DE8}") = "ToolsPack.Blazor.Tests", "ToolsPack.Blazor.Tests", "{4E946EEC-6233-F736-3DA4-0CDC3A1F10DF}"
EndProject
Project("{2150E333-8FDC-42A3-9474-1A3956D46DE8}") = "BlazorApp1", "BlazorApp1", "{4E7DEAA4-3641-E7EC-E3BF-F243C9277C9C}"
	ProjectSection(SolutionItems) = preProject
		tests\ToolsPack.Blazor.Tests\BlazorApp1\package.json = tests\ToolsPack.Blazor.Tests\BlazorApp1\package.json
		tests\ToolsPack.Blazor.Tests\BlazorApp1\prebuild.sh = tests\ToolsPack.Blazor.Tests\BlazorApp1\prebuild.sh
		tests\ToolsPack.Blazor.Tests\BlazorApp1\taildai.css = tests\ToolsPack.Blazor.Tests\BlazorApp1\taildai.css
		tests\ToolsPack.Blazor.Tests\BlazorApp1\tailwind.config.js = tests\ToolsPack.Blazor.Tests\BlazorApp1\tailwind.config.js
		tests\ToolsPack.Blazor.Tests\BlazorApp1\Directory.Packages.props = tests\ToolsPack.Blazor.Tests\BlazorApp1\Directory.Packages.props
		tests\ToolsPack.Blazor.Tests\BlazorApp1\README.md = tests\ToolsPack.Blazor.Tests\BlazorApp1\README.md
	EndProjectSection
EndProject
Project("{FAE04EC0-301F-11D3-BF4B-00C04F79EFBC}") = "BlazorApp1", "tests\ToolsPack.Blazor.Tests\BlazorApp1\BlazorApp1\BlazorApp1.csproj", "{E852F1E0-8A70-458B-9687-089531806317}"
EndProject
Project("{FAE04EC0-301F-11D3-BF4B-00C04F79EFBC}") = "BlazorApp1.Client", "tests\ToolsPack.Blazor.Tests\BlazorApp1\BlazorApp1.Client\BlazorApp1.Client.csproj", "{B0B82849-E5EE-439A-A461-605B1008E7BF}"
EndProject
Global
	GlobalSection(SolutionConfigurationPlatforms) = preSolution
		Debug|Any CPU = Debug|Any CPU
		Debug|x64 = Debug|x64
		Debug|x86 = Debug|x86
		Release|Any CPU = Release|Any CPU
		Release|x64 = Release|x64
		Release|x86 = Release|x86
	EndGlobalSection
	GlobalSection(ProjectConfigurationPlatforms) = postSolution
		{8579EBA3-FA58-4318-8287-F5F119313796}.Debug|Any CPU.ActiveCfg = Debug|Any CPU
		{8579EBA3-FA58-4318-8287-F5F119313796}.Debug|Any CPU.Build.0 = Debug|Any CPU
		{8579EBA3-FA58-4318-8287-F5F119313796}.Debug|x64.ActiveCfg = Debug|Any CPU
		{8579EBA3-FA58-4318-8287-F5F119313796}.Debug|x64.Build.0 = Debug|Any CPU
		{8579EBA3-FA58-4318-8287-F5F119313796}.Debug|x86.ActiveCfg = Debug|Any CPU
		{8579EBA3-FA58-4318-8287-F5F119313796}.Debug|x86.Build.0 = Debug|Any CPU
		{8579EBA3-FA58-4318-8287-F5F119313796}.Release|Any CPU.ActiveCfg = Release|Any CPU
		{8579EBA3-FA58-4318-8287-F5F119313796}.Release|Any CPU.Build.0 = Release|Any CPU
		{8579EBA3-FA58-4318-8287-F5F119313796}.Release|x64.ActiveCfg = Release|Any CPU
		{8579EBA3-FA58-4318-8287-F5F119313796}.Release|x64.Build.0 = Release|Any CPU
		{8579EBA3-FA58-4318-8287-F5F119313796}.Release|x86.ActiveCfg = Release|Any CPU
		{8579EBA3-FA58-4318-8287-F5F119313796}.Release|x86.Build.0 = Release|Any CPU
		{A24B0F10-1495-4174-A065-B6EB7CCAC910}.Debug|Any CPU.ActiveCfg = Debug|Any CPU
		{A24B0F10-1495-4174-A065-B6EB7CCAC910}.Debug|Any CPU.Build.0 = Debug|Any CPU
		{A24B0F10-1495-4174-A065-B6EB7CCAC910}.Debug|x64.ActiveCfg = Debug|Any CPU
		{A24B0F10-1495-4174-A065-B6EB7CCAC910}.Debug|x64.Build.0 = Debug|Any CPU
		{A24B0F10-1495-4174-A065-B6EB7CCAC910}.Debug|x86.ActiveCfg = Debug|Any CPU
		{A24B0F10-1495-4174-A065-B6EB7CCAC910}.Debug|x86.Build.0 = Debug|Any CPU
		{A24B0F10-1495-4174-A065-B6EB7CCAC910}.Release|Any CPU.ActiveCfg = Release|Any CPU
		{A24B0F10-1495-4174-A065-B6EB7CCAC910}.Release|Any CPU.Build.0 = Release|Any CPU
		{A24B0F10-1495-4174-A065-B6EB7CCAC910}.Release|x64.ActiveCfg = Release|Any CPU
		{A24B0F10-1495-4174-A065-B6EB7CCAC910}.Release|x64.Build.0 = Release|Any CPU
		{A24B0F10-1495-4174-A065-B6EB7CCAC910}.Release|x86.ActiveCfg = Release|Any CPU
		{A24B0F10-1495-4174-A065-B6EB7CCAC910}.Release|x86.Build.0 = Release|Any CPU
		{075105FC-7842-4B80-823B-053FB472CD68}.Debug|Any CPU.ActiveCfg = Debug|Any CPU
		{075105FC-7842-4B80-823B-053FB472CD68}.Debug|Any CPU.Build.0 = Debug|Any CPU
		{075105FC-7842-4B80-823B-053FB472CD68}.Debug|x64.ActiveCfg = Debug|Any CPU
		{075105FC-7842-4B80-823B-053FB472CD68}.Debug|x64.Build.0 = Debug|Any CPU
		{075105FC-7842-4B80-823B-053FB472CD68}.Debug|x86.ActiveCfg = Debug|Any CPU
		{075105FC-7842-4B80-823B-053FB472CD68}.Debug|x86.Build.0 = Debug|Any CPU
		{075105FC-7842-4B80-823B-053FB472CD68}.Release|Any CPU.ActiveCfg = Release|Any CPU
		{075105FC-7842-4B80-823B-053FB472CD68}.Release|Any CPU.Build.0 = Release|Any CPU
		{075105FC-7842-4B80-823B-053FB472CD68}.Release|x64.ActiveCfg = Release|Any CPU
		{075105FC-7842-4B80-823B-053FB472CD68}.Release|x64.Build.0 = Release|Any CPU
		{075105FC-7842-4B80-823B-053FB472CD68}.Release|x86.ActiveCfg = Release|Any CPU
		{075105FC-7842-4B80-823B-053FB472CD68}.Release|x86.Build.0 = Release|Any CPU
		{C6938A44-0988-446C-A5EE-86EDCCF89035}.Debug|Any CPU.ActiveCfg = Debug|Any CPU
		{C6938A44-0988-446C-A5EE-86EDCCF89035}.Debug|Any CPU.Build.0 = Debug|Any CPU
		{C6938A44-0988-446C-A5EE-86EDCCF89035}.Debug|x64.ActiveCfg = Debug|Any CPU
		{C6938A44-0988-446C-A5EE-86EDCCF89035}.Debug|x64.Build.0 = Debug|Any CPU
		{C6938A44-0988-446C-A5EE-86EDCCF89035}.Debug|x86.ActiveCfg = Debug|Any CPU
		{C6938A44-0988-446C-A5EE-86EDCCF89035}.Debug|x86.Build.0 = Debug|Any CPU
		{C6938A44-0988-446C-A5EE-86EDCCF89035}.Release|Any CPU.ActiveCfg = Release|Any CPU
		{C6938A44-0988-446C-A5EE-86EDCCF89035}.Release|Any CPU.Build.0 = Release|Any CPU
		{C6938A44-0988-446C-A5EE-86EDCCF89035}.Release|x64.ActiveCfg = Release|Any CPU
		{C6938A44-0988-446C-A5EE-86EDCCF89035}.Release|x64.Build.0 = Release|Any CPU
		{C6938A44-0988-446C-A5EE-86EDCCF89035}.Release|x86.ActiveCfg = Release|Any CPU
		{C6938A44-0988-446C-A5EE-86EDCCF89035}.Release|x86.Build.0 = Release|Any CPU
		{31E07481-DF62-4C10-BDEC-D193C2D438B0}.Debug|Any CPU.ActiveCfg = Debug|Any CPU
		{31E07481-DF62-4C10-BDEC-D193C2D438B0}.Debug|Any CPU.Build.0 = Debug|Any CPU
		{31E07481-DF62-4C10-BDEC-D193C2D438B0}.Debug|x64.ActiveCfg = Debug|Any CPU
		{31E07481-DF62-4C10-BDEC-D193C2D438B0}.Debug|x64.Build.0 = Debug|Any CPU
		{31E07481-DF62-4C10-BDEC-D193C2D438B0}.Debug|x86.ActiveCfg = Debug|Any CPU
		{31E07481-DF62-4C10-BDEC-D193C2D438B0}.Debug|x86.Build.0 = Debug|Any CPU
		{31E07481-DF62-4C10-BDEC-D193C2D438B0}.Release|Any CPU.ActiveCfg = Release|Any CPU
		{31E07481-DF62-4C10-BDEC-D193C2D438B0}.Release|Any CPU.Build.0 = Release|Any CPU
		{31E07481-DF62-4C10-BDEC-D193C2D438B0}.Release|x64.ActiveCfg = Release|Any CPU
		{31E07481-DF62-4C10-BDEC-D193C2D438B0}.Release|x64.Build.0 = Release|Any CPU
		{31E07481-DF62-4C10-BDEC-D193C2D438B0}.Release|x86.ActiveCfg = Release|Any CPU
		{31E07481-DF62-4C10-BDEC-D193C2D438B0}.Release|x86.Build.0 = Release|Any CPU
		{800304AE-F185-4F78-8A3A-430ABCECE531}.Debug|Any CPU.ActiveCfg = Debug|Any CPU
		{800304AE-F185-4F78-8A3A-430ABCECE531}.Debug|Any CPU.Build.0 = Debug|Any CPU
		{800304AE-F185-4F78-8A3A-430ABCECE531}.Debug|x64.ActiveCfg = Debug|Any CPU
		{800304AE-F185-4F78-8A3A-430ABCECE531}.Debug|x64.Build.0 = Debug|Any CPU
		{800304AE-F185-4F78-8A3A-430ABCECE531}.Debug|x86.ActiveCfg = Debug|Any CPU
		{800304AE-F185-4F78-8A3A-430ABCECE531}.Debug|x86.Build.0 = Debug|Any CPU
		{800304AE-F185-4F78-8A3A-430ABCECE531}.Release|Any CPU.ActiveCfg = Release|Any CPU
		{800304AE-F185-4F78-8A3A-430ABCECE531}.Release|Any CPU.Build.0 = Release|Any CPU
		{800304AE-F185-4F78-8A3A-430ABCECE531}.Release|x64.ActiveCfg = Release|Any CPU
		{800304AE-F185-4F78-8A3A-430ABCECE531}.Release|x64.Build.0 = Release|Any CPU
		{800304AE-F185-4F78-8A3A-430ABCECE531}.Release|x86.ActiveCfg = Release|Any CPU
		{800304AE-F185-4F78-8A3A-430ABCECE531}.Release|x86.Build.0 = Release|Any CPU
		{603C25A2-92F4-43F5-8234-3EDD0AFD1671}.Debug|Any CPU.ActiveCfg = Debug|Any CPU
		{603C25A2-92F4-43F5-8234-3EDD0AFD1671}.Debug|Any CPU.Build.0 = Debug|Any CPU
		{603C25A2-92F4-43F5-8234-3EDD0AFD1671}.Debug|x64.ActiveCfg = Debug|Any CPU
		{603C25A2-92F4-43F5-8234-3EDD0AFD1671}.Debug|x64.Build.0 = Debug|Any CPU
		{603C25A2-92F4-43F5-8234-3EDD0AFD1671}.Debug|x86.ActiveCfg = Debug|Any CPU
		{603C25A2-92F4-43F5-8234-3EDD0AFD1671}.Debug|x86.Build.0 = Debug|Any CPU
		{603C25A2-92F4-43F5-8234-3EDD0AFD1671}.Release|Any CPU.ActiveCfg = Release|Any CPU
		{603C25A2-92F4-43F5-8234-3EDD0AFD1671}.Release|Any CPU.Build.0 = Release|Any CPU
		{603C25A2-92F4-43F5-8234-3EDD0AFD1671}.Release|x64.ActiveCfg = Release|Any CPU
		{603C25A2-92F4-43F5-8234-3EDD0AFD1671}.Release|x64.Build.0 = Release|Any CPU
		{603C25A2-92F4-43F5-8234-3EDD0AFD1671}.Release|x86.ActiveCfg = Release|Any CPU
		{603C25A2-92F4-43F5-8234-3EDD0AFD1671}.Release|x86.Build.0 = Release|Any CPU
		{5BE5A8CF-02A3-4B5B-AB9E-F975AD9193F4}.Debug|Any CPU.ActiveCfg = Debug|Any CPU
		{5BE5A8CF-02A3-4B5B-AB9E-F975AD9193F4}.Debug|Any CPU.Build.0 = Debug|Any CPU
		{5BE5A8CF-02A3-4B5B-AB9E-F975AD9193F4}.Debug|x64.ActiveCfg = Debug|Any CPU
		{5BE5A8CF-02A3-4B5B-AB9E-F975AD9193F4}.Debug|x64.Build.0 = Debug|Any CPU
		{5BE5A8CF-02A3-4B5B-AB9E-F975AD9193F4}.Debug|x86.ActiveCfg = Debug|Any CPU
		{5BE5A8CF-02A3-4B5B-AB9E-F975AD9193F4}.Debug|x86.Build.0 = Debug|Any CPU
		{5BE5A8CF-02A3-4B5B-AB9E-F975AD9193F4}.Release|Any CPU.ActiveCfg = Release|Any CPU
		{5BE5A8CF-02A3-4B5B-AB9E-F975AD9193F4}.Release|Any CPU.Build.0 = Release|Any CPU
		{5BE5A8CF-02A3-4B5B-AB9E-F975AD9193F4}.Release|x64.ActiveCfg = Release|Any CPU
		{5BE5A8CF-02A3-4B5B-AB9E-F975AD9193F4}.Release|x64.Build.0 = Release|Any CPU
		{5BE5A8CF-02A3-4B5B-AB9E-F975AD9193F4}.Release|x86.ActiveCfg = Release|Any CPU
		{5BE5A8CF-02A3-4B5B-AB9E-F975AD9193F4}.Release|x86.Build.0 = Release|Any CPU
		{8E10E6FC-B808-4549-AA9D-90EF494E83F3}.Debug|Any CPU.ActiveCfg = Debug|Any CPU
		{8E10E6FC-B808-4549-AA9D-90EF494E83F3}.Debug|Any CPU.Build.0 = Debug|Any CPU
		{8E10E6FC-B808-4549-AA9D-90EF494E83F3}.Debug|x64.ActiveCfg = Debug|Any CPU
		{8E10E6FC-B808-4549-AA9D-90EF494E83F3}.Debug|x64.Build.0 = Debug|Any CPU
		{8E10E6FC-B808-4549-AA9D-90EF494E83F3}.Debug|x86.ActiveCfg = Debug|Any CPU
		{8E10E6FC-B808-4549-AA9D-90EF494E83F3}.Debug|x86.Build.0 = Debug|Any CPU
		{8E10E6FC-B808-4549-AA9D-90EF494E83F3}.Release|Any CPU.ActiveCfg = Release|Any CPU
		{8E10E6FC-B808-4549-AA9D-90EF494E83F3}.Release|Any CPU.Build.0 = Release|Any CPU
		{8E10E6FC-B808-4549-AA9D-90EF494E83F3}.Release|x64.ActiveCfg = Release|Any CPU
		{8E10E6FC-B808-4549-AA9D-90EF494E83F3}.Release|x64.Build.0 = Release|Any CPU
		{8E10E6FC-B808-4549-AA9D-90EF494E83F3}.Release|x86.ActiveCfg = Release|Any CPU
		{8E10E6FC-B808-4549-AA9D-90EF494E83F3}.Release|x86.Build.0 = Release|Any CPU
		{E5AEE2B5-C9BE-4FEF-9DB8-B15CB34F90C5}.Debug|Any CPU.ActiveCfg = Debug|Any CPU
		{E5AEE2B5-C9BE-4FEF-9DB8-B15CB34F90C5}.Debug|Any CPU.Build.0 = Debug|Any CPU
		{E5AEE2B5-C9BE-4FEF-9DB8-B15CB34F90C5}.Debug|x64.ActiveCfg = Debug|Any CPU
		{E5AEE2B5-C9BE-4FEF-9DB8-B15CB34F90C5}.Debug|x64.Build.0 = Debug|Any CPU
		{E5AEE2B5-C9BE-4FEF-9DB8-B15CB34F90C5}.Debug|x86.ActiveCfg = Debug|Any CPU
		{E5AEE2B5-C9BE-4FEF-9DB8-B15CB34F90C5}.Debug|x86.Build.0 = Debug|Any CPU
		{E5AEE2B5-C9BE-4FEF-9DB8-B15CB34F90C5}.Release|Any CPU.ActiveCfg = Release|Any CPU
		{E5AEE2B5-C9BE-4FEF-9DB8-B15CB34F90C5}.Release|Any CPU.Build.0 = Release|Any CPU
		{E5AEE2B5-C9BE-4FEF-9DB8-B15CB34F90C5}.Release|x64.ActiveCfg = Release|Any CPU
		{E5AEE2B5-C9BE-4FEF-9DB8-B15CB34F90C5}.Release|x64.Build.0 = Release|Any CPU
		{E5AEE2B5-C9BE-4FEF-9DB8-B15CB34F90C5}.Release|x86.ActiveCfg = Release|Any CPU
		{E5AEE2B5-C9BE-4FEF-9DB8-B15CB34F90C5}.Release|x86.Build.0 = Release|Any CPU
		{1607371B-953D-4724-B186-5DA609C42CF3}.Debug|Any CPU.ActiveCfg = Debug|Any CPU
		{1607371B-953D-4724-B186-5DA609C42CF3}.Debug|Any CPU.Build.0 = Debug|Any CPU
		{1607371B-953D-4724-B186-5DA609C42CF3}.Debug|x64.ActiveCfg = Debug|Any CPU
		{1607371B-953D-4724-B186-5DA609C42CF3}.Debug|x64.Build.0 = Debug|Any CPU
		{1607371B-953D-4724-B186-5DA609C42CF3}.Debug|x86.ActiveCfg = Debug|Any CPU
		{1607371B-953D-4724-B186-5DA609C42CF3}.Debug|x86.Build.0 = Debug|Any CPU
		{1607371B-953D-4724-B186-5DA609C42CF3}.Release|Any CPU.ActiveCfg = Release|Any CPU
		{1607371B-953D-4724-B186-5DA609C42CF3}.Release|Any CPU.Build.0 = Release|Any CPU
		{1607371B-953D-4724-B186-5DA609C42CF3}.Release|x64.ActiveCfg = Release|Any CPU
		{1607371B-953D-4724-B186-5DA609C42CF3}.Release|x64.Build.0 = Release|Any CPU
		{1607371B-953D-4724-B186-5DA609C42CF3}.Release|x86.ActiveCfg = Release|Any CPU
		{1607371B-953D-4724-B186-5DA609C42CF3}.Release|x86.Build.0 = Release|Any CPU
		{E4576C0A-C274-4267-8737-F2F175D901D0}.Debug|Any CPU.ActiveCfg = Debug|Any CPU
		{E4576C0A-C274-4267-8737-F2F175D901D0}.Debug|Any CPU.Build.0 = Debug|Any CPU
		{E4576C0A-C274-4267-8737-F2F175D901D0}.Debug|x64.ActiveCfg = Debug|Any CPU
		{E4576C0A-C274-4267-8737-F2F175D901D0}.Debug|x64.Build.0 = Debug|Any CPU
		{E4576C0A-C274-4267-8737-F2F175D901D0}.Debug|x86.ActiveCfg = Debug|Any CPU
		{E4576C0A-C274-4267-8737-F2F175D901D0}.Debug|x86.Build.0 = Debug|Any CPU
		{E4576C0A-C274-4267-8737-F2F175D901D0}.Release|Any CPU.ActiveCfg = Release|Any CPU
		{E4576C0A-C274-4267-8737-F2F175D901D0}.Release|Any CPU.Build.0 = Release|Any CPU
		{E4576C0A-C274-4267-8737-F2F175D901D0}.Release|x64.ActiveCfg = Release|Any CPU
		{E4576C0A-C274-4267-8737-F2F175D901D0}.Release|x64.Build.0 = Release|Any CPU
		{E4576C0A-C274-4267-8737-F2F175D901D0}.Release|x86.ActiveCfg = Release|Any CPU
		{E4576C0A-C274-4267-8737-F2F175D901D0}.Release|x86.Build.0 = Release|Any CPU
		{649F1506-6E02-4446-AAAE-726658DA6901}.Debug|Any CPU.ActiveCfg = Debug|Any CPU
		{649F1506-6E02-4446-AAAE-726658DA6901}.Debug|Any CPU.Build.0 = Debug|Any CPU
		{649F1506-6E02-4446-AAAE-726658DA6901}.Debug|x64.ActiveCfg = Debug|Any CPU
		{649F1506-6E02-4446-AAAE-726658DA6901}.Debug|x64.Build.0 = Debug|Any CPU
		{649F1506-6E02-4446-AAAE-726658DA6901}.Debug|x86.ActiveCfg = Debug|Any CPU
		{649F1506-6E02-4446-AAAE-726658DA6901}.Debug|x86.Build.0 = Debug|Any CPU
		{649F1506-6E02-4446-AAAE-726658DA6901}.Release|Any CPU.ActiveCfg = Release|Any CPU
		{649F1506-6E02-4446-AAAE-726658DA6901}.Release|Any CPU.Build.0 = Release|Any CPU
		{649F1506-6E02-4446-AAAE-726658DA6901}.Release|x64.ActiveCfg = Release|Any CPU
		{649F1506-6E02-4446-AAAE-726658DA6901}.Release|x64.Build.0 = Release|Any CPU
		{649F1506-6E02-4446-AAAE-726658DA6901}.Release|x86.ActiveCfg = Release|Any CPU
		{649F1506-6E02-4446-AAAE-726658DA6901}.Release|x86.Build.0 = Release|Any CPU
		{7626E0A9-C0F1-4A7A-B54A-B71727AD2370}.Debug|Any CPU.ActiveCfg = Debug|Any CPU
		{7626E0A9-C0F1-4A7A-B54A-B71727AD2370}.Debug|Any CPU.Build.0 = Debug|Any CPU
		{7626E0A9-C0F1-4A7A-B54A-B71727AD2370}.Debug|x64.ActiveCfg = Debug|Any CPU
		{7626E0A9-C0F1-4A7A-B54A-B71727AD2370}.Debug|x64.Build.0 = Debug|Any CPU
		{7626E0A9-C0F1-4A7A-B54A-B71727AD2370}.Debug|x86.ActiveCfg = Debug|Any CPU
		{7626E0A9-C0F1-4A7A-B54A-B71727AD2370}.Debug|x86.Build.0 = Debug|Any CPU
		{7626E0A9-C0F1-4A7A-B54A-B71727AD2370}.Release|Any CPU.ActiveCfg = Release|Any CPU
		{7626E0A9-C0F1-4A7A-B54A-B71727AD2370}.Release|Any CPU.Build.0 = Release|Any CPU
		{7626E0A9-C0F1-4A7A-B54A-B71727AD2370}.Release|x64.ActiveCfg = Release|Any CPU
		{7626E0A9-C0F1-4A7A-B54A-B71727AD2370}.Release|x64.Build.0 = Release|Any CPU
		{7626E0A9-C0F1-4A7A-B54A-B71727AD2370}.Release|x86.ActiveCfg = Release|Any CPU
		{7626E0A9-C0F1-4A7A-B54A-B71727AD2370}.Release|x86.Build.0 = Release|Any CPU
		{8FA779FC-DEE5-4564-9F3B-8297A9F97261}.Debug|Any CPU.ActiveCfg = Debug|Any CPU
		{8FA779FC-DEE5-4564-9F3B-8297A9F97261}.Debug|Any CPU.Build.0 = Debug|Any CPU
		{8FA779FC-DEE5-4564-9F3B-8297A9F97261}.Debug|x64.ActiveCfg = Debug|Any CPU
		{8FA779FC-DEE5-4564-9F3B-8297A9F97261}.Debug|x64.Build.0 = Debug|Any CPU
		{8FA779FC-DEE5-4564-9F3B-8297A9F97261}.Debug|x86.ActiveCfg = Debug|Any CPU
		{8FA779FC-DEE5-4564-9F3B-8297A9F97261}.Debug|x86.Build.0 = Debug|Any CPU
		{8FA779FC-DEE5-4564-9F3B-8297A9F97261}.Release|Any CPU.ActiveCfg = Release|Any CPU
		{8FA779FC-DEE5-4564-9F3B-8297A9F97261}.Release|Any CPU.Build.0 = Release|Any CPU
		{8FA779FC-DEE5-4564-9F3B-8297A9F97261}.Release|x64.ActiveCfg = Release|Any CPU
		{8FA779FC-DEE5-4564-9F3B-8297A9F97261}.Release|x64.Build.0 = Release|Any CPU
		{8FA779FC-DEE5-4564-9F3B-8297A9F97261}.Release|x86.ActiveCfg = Release|Any CPU
		{8FA779FC-DEE5-4564-9F3B-8297A9F97261}.Release|x86.Build.0 = Release|Any CPU
		{385E8EA9-6404-4694-9957-A22884F529C5}.Debug|Any CPU.ActiveCfg = Debug|Any CPU
		{385E8EA9-6404-4694-9957-A22884F529C5}.Debug|Any CPU.Build.0 = Debug|Any CPU
		{385E8EA9-6404-4694-9957-A22884F529C5}.Debug|x64.ActiveCfg = Debug|Any CPU
		{385E8EA9-6404-4694-9957-A22884F529C5}.Debug|x64.Build.0 = Debug|Any CPU
		{385E8EA9-6404-4694-9957-A22884F529C5}.Debug|x86.ActiveCfg = Debug|Any CPU
		{385E8EA9-6404-4694-9957-A22884F529C5}.Debug|x86.Build.0 = Debug|Any CPU
		{385E8EA9-6404-4694-9957-A22884F529C5}.Release|Any CPU.ActiveCfg = Release|Any CPU
		{385E8EA9-6404-4694-9957-A22884F529C5}.Release|Any CPU.Build.0 = Release|Any CPU
		{385E8EA9-6404-4694-9957-A22884F529C5}.Release|x64.ActiveCfg = Release|Any CPU
		{385E8EA9-6404-4694-9957-A22884F529C5}.Release|x64.Build.0 = Release|Any CPU
		{385E8EA9-6404-4694-9957-A22884F529C5}.Release|x86.ActiveCfg = Release|Any CPU
		{385E8EA9-6404-4694-9957-A22884F529C5}.Release|x86.Build.0 = Release|Any CPU
		{2CA941C1-6544-43C9-943C-4021E78F5925}.Debug|Any CPU.ActiveCfg = Debug|Any CPU
		{2CA941C1-6544-43C9-943C-4021E78F5925}.Debug|Any CPU.Build.0 = Debug|Any CPU
		{2CA941C1-6544-43C9-943C-4021E78F5925}.Debug|x64.ActiveCfg = Debug|Any CPU
		{2CA941C1-6544-43C9-943C-4021E78F5925}.Debug|x64.Build.0 = Debug|Any CPU
		{2CA941C1-6544-43C9-943C-4021E78F5925}.Debug|x86.ActiveCfg = Debug|Any CPU
		{2CA941C1-6544-43C9-943C-4021E78F5925}.Debug|x86.Build.0 = Debug|Any CPU
		{2CA941C1-6544-43C9-943C-4021E78F5925}.Release|Any CPU.ActiveCfg = Release|Any CPU
		{2CA941C1-6544-43C9-943C-4021E78F5925}.Release|Any CPU.Build.0 = Release|Any CPU
		{2CA941C1-6544-43C9-943C-4021E78F5925}.Release|x64.ActiveCfg = Release|Any CPU
		{2CA941C1-6544-43C9-943C-4021E78F5925}.Release|x64.Build.0 = Release|Any CPU
		{2CA941C1-6544-43C9-943C-4021E78F5925}.Release|x86.ActiveCfg = Release|Any CPU
		{2CA941C1-6544-43C9-943C-4021E78F5925}.Release|x86.Build.0 = Release|Any CPU
		{E852F1E0-8A70-458B-9687-089531806317}.Debug|Any CPU.ActiveCfg = Debug|Any CPU
		{E852F1E0-8A70-458B-9687-089531806317}.Debug|Any CPU.Build.0 = Debug|Any CPU
		{E852F1E0-8A70-458B-9687-089531806317}.Debug|x64.ActiveCfg = Debug|Any CPU
		{E852F1E0-8A70-458B-9687-089531806317}.Debug|x64.Build.0 = Debug|Any CPU
		{E852F1E0-8A70-458B-9687-089531806317}.Debug|x86.ActiveCfg = Debug|Any CPU
		{E852F1E0-8A70-458B-9687-089531806317}.Debug|x86.Build.0 = Debug|Any CPU
		{E852F1E0-8A70-458B-9687-089531806317}.Release|Any CPU.ActiveCfg = Release|Any CPU
		{E852F1E0-8A70-458B-9687-089531806317}.Release|Any CPU.Build.0 = Release|Any CPU
		{E852F1E0-8A70-458B-9687-089531806317}.Release|x64.ActiveCfg = Release|Any CPU
		{E852F1E0-8A70-458B-9687-089531806317}.Release|x64.Build.0 = Release|Any CPU
		{E852F1E0-8A70-458B-9687-089531806317}.Release|x86.ActiveCfg = Release|Any CPU
		{E852F1E0-8A70-458B-9687-089531806317}.Release|x86.Build.0 = Release|Any CPU
		{B0B82849-E5EE-439A-A461-605B1008E7BF}.Debug|Any CPU.ActiveCfg = Debug|Any CPU
		{B0B82849-E5EE-439A-A461-605B1008E7BF}.Debug|Any CPU.Build.0 = Debug|Any CPU
		{B0B82849-E5EE-439A-A461-605B1008E7BF}.Debug|x64.ActiveCfg = Debug|Any CPU
		{B0B82849-E5EE-439A-A461-605B1008E7BF}.Debug|x64.Build.0 = Debug|Any CPU
		{B0B82849-E5EE-439A-A461-605B1008E7BF}.Debug|x86.ActiveCfg = Debug|Any CPU
		{B0B82849-E5EE-439A-A461-605B1008E7BF}.Debug|x86.Build.0 = Debug|Any CPU
		{B0B82849-E5EE-439A-A461-605B1008E7BF}.Release|Any CPU.ActiveCfg = Release|Any CPU
		{B0B82849-E5EE-439A-A461-605B1008E7BF}.Release|Any CPU.Build.0 = Release|Any CPU
		{B0B82849-E5EE-439A-A461-605B1008E7BF}.Release|x64.ActiveCfg = Release|Any CPU
		{B0B82849-E5EE-439A-A461-605B1008E7BF}.Release|x64.Build.0 = Release|Any CPU
		{B0B82849-E5EE-439A-A461-605B1008E7BF}.Release|x86.ActiveCfg = Release|Any CPU
		{B0B82849-E5EE-439A-A461-605B1008E7BF}.Release|x86.Build.0 = Release|Any CPU
	EndGlobalSection
	GlobalSection(SolutionProperties) = preSolution
		HideSolutionNode = FALSE
	EndGlobalSection
	GlobalSection(NestedProjects) = preSolution
		{8579EBA3-FA58-4318-8287-F5F119313796} = {15501CE0-C635-4AA5-8EF7-F3E7DF4C5766}
		{A24B0F10-1495-4174-A065-B6EB7CCAC910} = {15501CE0-C635-4AA5-8EF7-F3E7DF4C5766}
		{075105FC-7842-4B80-823B-053FB472CD68} = {15501CE0-C635-4AA5-8EF7-F3E7DF4C5766}
		{C6938A44-0988-446C-A5EE-86EDCCF89035} = {15501CE0-C635-4AA5-8EF7-F3E7DF4C5766}
		{31E07481-DF62-4C10-BDEC-D193C2D438B0} = {15501CE0-C635-4AA5-8EF7-F3E7DF4C5766}
		{800304AE-F185-4F78-8A3A-430ABCECE531} = {15501CE0-C635-4AA5-8EF7-F3E7DF4C5766}
		{603C25A2-92F4-43F5-8234-3EDD0AFD1671} = {15501CE0-C635-4AA5-8EF7-F3E7DF4C5766}
		{5BE5A8CF-02A3-4B5B-AB9E-F975AD9193F4} = {1237E958-9B8B-4360-872B-2BA0F8321902}
		{8E10E6FC-B808-4549-AA9D-90EF494E83F3} = {1237E958-9B8B-4360-872B-2BA0F8321902}
		{E5AEE2B5-C9BE-4FEF-9DB8-B15CB34F90C5} = {1237E958-9B8B-4360-872B-2BA0F8321902}
		{1607371B-953D-4724-B186-5DA609C42CF3} = {1237E958-9B8B-4360-872B-2BA0F8321902}
		{E4576C0A-C274-4267-8737-F2F175D901D0} = {1237E958-9B8B-4360-872B-2BA0F8321902}
		{649F1506-6E02-4446-AAAE-726658DA6901} = {1237E958-9B8B-4360-872B-2BA0F8321902}
		{7626E0A9-C0F1-4A7A-B54A-B71727AD2370} = {1237E958-9B8B-4360-872B-2BA0F8321902}
		{8FA779FC-DEE5-4564-9F3B-8297A9F97261} = {15501CE0-C635-4AA5-8EF7-F3E7DF4C5766}
		{385E8EA9-6404-4694-9957-A22884F529C5} = {1237E958-9B8B-4360-872B-2BA0F8321902}
		{2CA941C1-6544-43C9-943C-4021E78F5925} = {15501CE0-C635-4AA5-8EF7-F3E7DF4C5766}
		{4E946EEC-6233-F736-3DA4-0CDC3A1F10DF} = {1237E958-9B8B-4360-872B-2BA0F8321902}
		{4E7DEAA4-3641-E7EC-E3BF-F243C9277C9C} = {4E946EEC-6233-F736-3DA4-0CDC3A1F10DF}
		{E852F1E0-8A70-458B-9687-089531806317} = {4E7DEAA4-3641-E7EC-E3BF-F243C9277C9C}
		{B0B82849-E5EE-439A-A461-605B1008E7BF} = {4E7DEAA4-3641-E7EC-E3BF-F243C9277C9C}
	EndGlobalSection
	GlobalSection(ExtensibilityGlobals) = postSolution
		SolutionGuid = {5F21D857-559F-43FE-A0B9-42DAD57E207B}
	EndGlobalSection
EndGlobal
